
Microsoft Visual Studio Solution File, Format Version 12.00
# Visual Studio Version 17
VisualStudioVersion = 17.12.35527.113 d17.12
MinimumVisualStudioVersion = 10.0.40219.1
Project("{FAE04EC0-301F-11D3-BF4B-00C04F79EFBC}") = "Yuujin.SDRSharp.RemoteControl", "Yuujin.SDRSharp.RemoteControl\Yuujin.SDRSharp.RemoteControl.csproj", "{D04D9D55-303C-49AD-A1B3-E60F13722F6F}"
EndProject
Global
	GlobalSection(SolutionConfigurationPlatforms) = preSolution
		Debug|Any CPU = Debug|Any CPU
		Release|Any CPU = Release|Any CPU
	EndGlobalSection
	GlobalSection(ProjectConfigurationPlatforms) = postSolution
		{D04D9D55-303C-49AD-A1B3-E60F13722F6F}.Debug|Any CPU.ActiveCfg = Debug|Any CPU
		{D04D9D55-303C-49AD-A1B3-E60F13722F6F}.Debug|Any CPU.Build.0 = Debug|Any CPU
		{D04D9D55-303C-49AD-A1B3-E60F13722F6F}.Release|Any CPU.ActiveCfg = Release|Any CPU
		{D04D9D55-303C-49AD-A1B3-E60F13722F6F}.Release|Any CPU.Build.0 = Release|Any CPU
	EndGlobalSection
	GlobalSection(SolutionProperties) = preSolution
		HideSolutionNode = FALSE
	EndGlobalSection
EndGlobal
